{
  "name": "radnetz-dashboard-import-projektkarte",
  "lockfileVersion": 3,
  "requires": true,
  "packages": {
    "": {
      "dependencies": {
        "async": "^3.2.6",
        "drupal-rest": "github:plepe/drupal-rest-js"
      }
    },
    "node_modules/async": {
      "version": "3.2.6",
      "resolved": "https://registry.npmjs.org/async/-/async-3.2.6.tgz",
      "integrity": "sha512-htCUDlxyyCLMgaM3xXg0C0LW2xqfuQ6p05pCEIsXuyQ+a1koYKTuBMzRNwmybfLgvJDMd0r1LTn4+E0Ti6C2AA==",
      "license": "MIT"
    },
    "node_modules/drupal-rest": {
      "version": "0.0.0",
      "resolved": "git+ssh://git@github.com/plepe/drupal-rest-js.git#cabc48d120ad63096b2bfc7699bcce9d1b74e784",
      "license": "MIT",
      "dependencies": {
        "async": "^3.2.4"
      }
    }
  }
}
